{
  "originHash" : "599fa8625b97e4a57c37a061b9e96ad7181010b1e9920795512d92d4c84e9b13",
  "pins" : [
    {
      "identity" : "proxycorekit",
      "kind" : "remoteSourceControl",
      "location" : "https://github.com/mahsanet/ProxyCoreKit.git",
      "state" : {
        "revision" : "90a6f0e2c1dd488a968a88d2780652ad40132a2b",
        "version" : "5.0.0"
      }
    },
    {
      "identity" : "tun2sockskit",
      "kind" : "remoteSourceControl",
      "location" : "https://github.com/EbrahimTahernejad/Tun2SocksKit.git",
      "state" : {
        "revision" : "fce247269a041efe3518a17c1f7d44543d62dec5",
        "version" : "4.9.1"
      }
    }
  ],
  "version" : 3
}
